
Microsoft Visual Studio Solution File, Format Version 12.00
# Visual Studio Version 17
VisualStudioVersion = 17.0.31912.275
MinimumVisualStudioVersion = 10.0.40219.1
Project("{FAE04EC0-301F-11D3-BF4B-00C04F79EFBC}") = "demoapp1", "demoapp1\demoapp1.csproj", "{92FE59B1-7087-4049-A749-D7DA1C2BB8BC}"
EndProject
Global
	GlobalSection(SolutionConfigurationPlatforms) = preSolution
		Debug|Any CPU = Debug|Any CPU
		Release|Any CPU = Release|Any CPU
	EndGlobalSection
	GlobalSection(ProjectConfigurationPlatforms) = postSolution
		{92FE59B1-7087-4049-A749-D7DA1C2BB8BC}.Debug|Any CPU.ActiveCfg = Debug|Any CPU
		{92FE59B1-7087-4049-A749-D7DA1C2BB8BC}.Debug|Any CPU.Build.0 = Debug|Any CPU
		{92FE59B1-7087-4049-A749-D7DA1C2BB8BC}.Release|Any CPU.ActiveCfg = Release|Any CPU
		{92FE59B1-7087-4049-A749-D7DA1C2BB8BC}.Release|Any CPU.Build.0 = Release|Any CPU
	EndGlobalSection
	GlobalSection(SolutionProperties) = preSolution
		HideSolutionNode = FALSE
	EndGlobalSection
	GlobalSection(ExtensibilityGlobals) = postSolution
		SolutionGuid = {E01DF748-B45F-4C98-B110-55E073E5920D}
	EndGlobalSection
EndGlobal
